// !$*UTF8*$!
{
	archiveVersion = 1;
	classes = {
	};
	objectVersion = 50;
	objects = {

/* Begin PBXBuildFile section */
		11C018B8247E8AF5003A23D8 /* AppDelegate.swift in Sources */ = {isa = PBXBuildFile; fileRef = 11C018B7247E8AF5003A23D8 /* AppDelegate.swift */; };
		11C018BA247E8AF5003A23D8 /* SceneDelegate.swift in Sources */ = {isa = PBXBuildFile; fileRef = 11C018B9247E8AF5003A23D8 /* SceneDelegate.swift */; };
		11C018BC247E8AF5003A23D8 /* ViewController.swift in Sources */ = {isa = PBXBuildFile; fileRef = 11C018BB247E8AF5003A23D8 /* ViewController.swift */; };
		11C018BF247E8AF5003A23D8 /* Main.storyboard in Resources */ = {isa = PBXBuildFile; fileRef = 11C018BD247E8AF5003A23D8 /* Main.storyboard */; };
		11C018C1247E8AF7003A23D8 /* Assets.xcassets in Resources */ = {isa = PBXBuildFile; fileRef = 11C018C0247E8AF7003A23D8 /* Assets.xcassets */; };
		11C018C4247E8AF7003A23D8 /* LaunchScreen.storyboard in Resources */ = {isa = PBXBuildFile; fileRef = 11C018C2247E8AF7003A23D8 /* LaunchScreen.storyboard */; };
		11C018CF247E8EF8003A23D8 /* Drake.mp3 in Resources */ = {isa = PBXBuildFile; fileRef = 11C018CC247E8EF8003A23D8 /* Drake.mp3 */; };
		11C018D0247E8EF8003A23D8 /* Weeknd.mp3 in Resources */ = {isa = PBXBuildFile; fileRef = 11C018CD247E8EF8003A23D8 /* Weeknd.mp3 */; };
		11C018D1247E8EF8003A23D8 /* Tyga.mp3 in Resources */ = {isa = PBXBuildFile; fileRef = 11C018CE247E8EF8003A23D8 /* Tyga.mp3 */; };
/* End PBXBuildFile section */

/* Begin PBXFileReference section */
		11C018B4247E8AF5003A23D8 /* Soundboard.app */ = {isa = PBXFileReference; explicitFileType = wrapper.application; includeInIndex = 0; path = Soundboard.app; sourceTree = BUILT_PRODUCTS_DIR; };
		11C018B7247E8AF5003A23D8 /* AppDelegate.swift */ = {isa = PBXFileReference; lastKnownFileType = sourcecode.swift; path = AppDelegate.swift; sourceTree = "<group>"; };
		11C018B9247E8AF5003A23D8 /* SceneDelegate.swift */ = {isa = PBXFileReference; lastKnownFileType = sourcecode.swift; path = SceneDelegate.swift; sourceTree = "<group>"; };
		11C018BB247E8AF5003A23D8 /* ViewController.swift */ = {isa = PBXFileReference; lastKnownFileType = sourcecode.swift; path = ViewController.swift; sourceTree = "<group>"; };
		11C018BE247E8AF5003A23D8 /* Base */ = {isa = PBXFileReference; lastKnownFileType = file.storyboard; name = Base; path = Base.lproj/Main.storyboard; sourceTree = "<group>"; };
		11C018C0247E8AF7003A23D8 /* Assets.xcassets */ = {isa = PBXFileReference; lastKnownFileType = folder.assetcatalog; path = Assets.xcassets; sourceTree = "<group>"; };
		11C018C3247E8AF7003A23D8 /* Base */ = {isa = PBXFileReference; lastKnownFileType = file.storyboard; name = Base; path = Base.lproj/LaunchScreen.storyboard; sourceTree = "<group>"; };
		11C018C5247E8AF7003A23D8 /* Info.plist */ = {isa = PBXFileReference; lastKnownFileType = text.plist.xml; path = Info.plist; sourceTree = "<group>"; };
		11C018CC247E8EF8003A23D8 /* Drake.mp3 */ = {isa = PBXFileReference; lastKnownFileType = audio.mp3; path = Drake.mp3; sourceTree = "<group>"; };
		11C018CD247E8EF8003A23D8 /* Weeknd.mp3 */ = {isa = PBXFileReference; lastKnownFileType = audio.mp3; path = Weeknd.mp3; sourceTree = "<group>"; };
		11C018CE247E8EF8003A23D8 /* Tyga.mp3 */ = {isa = PBXFileReference; lastKnownFileType = audio.mp3; path = Tyga.mp3; sourceTree = "<group>"; };
/* End PBXFileReference section */

/* Begin PBXFrameworksBuildPhase section */
		11C018B1247E8AF5003A23D8 /* Frameworks */ = {
			isa = PBXFrameworksBuildPhase;
			buildActionMask = 2147483647;
			files = (
			);
			runOnlyForDeploymentPostprocessing = 0;
		};
/* End PBXFrameworksBuildPhase section */

/* Begin PBXGroup section */
		11C018AB247E8AF5003A23D8 = {
			isa = PBXGroup;
			children = (
				11C018B6247E8AF5003A23D8 /* Soundboard */,
				11C018B5247E8AF5003A23D8 /* Products */,
			);
			sourceTree = "<group>";
		};
		11C018B5247E8AF5003A23D8 /* Products */ = {
			isa = PBXGroup;
			children = (
				11C018B4247E8AF5003A23D8 /* Soundboard.app */,
			);
			name = Products;
			sourceTree = "<group>";
		};
		11C018B6247E8AF5003A23D8 /* Soundboard */ = {
			isa = PBXGroup;
			children = (
				11C018CB247E8E63003A23D8 /* Sounds */,
				11C018B7247E8AF5003A23D8 /* AppDelegate.swift */,
				11C018B9247E8AF5003A23D8 /* SceneDelegate.swift */,
				11C018BB247E8AF5003A23D8 /* ViewController.swift */,
				11C018BD247E8AF5003A23D8 /* Main.storyboard */,
				11C018C0247E8AF7003A23D8 /* Assets.xcassets */,
				11C018C2247E8AF7003A23D8 /* LaunchScreen.storyboard */,
				11C018C5247E8AF7003A23D8 /* Info.plist */,
			);
			path = Soundboard;
			sourceTree = "<group>";
		};
		11C018CB247E8E63003A23D8 /* Sounds */ = {
			isa = PBXGroup;
			children = (
				11C018CC247E8EF8003A23D8 /* Drake.mp3 */,
				11C018CD247E8EF8003A23D8 /* Weeknd.mp3 */,
				11C018CE247E8EF8003A23D8 /* Tyga.mp3 */,
			);
			path = Sounds;
			sourceTree = "<group>";
		};
/* End PBXGroup section */

/* Begin PBXNativeTarget section */
		11C018B3247E8AF5003A23D8 /* Soundboard */ = {
			isa = PBXNativeTarget;
			buildConfigurationList = 11C018C8247E8AF7003A23D8 /* Build configuration list for PBXNativeTarget "Soundboard" */;
			buildPhases = (
				11C018B0247E8AF5003A23D8 /* Sources */,
				11C018B1247E8AF5003A23D8 /* Frameworks */,
				11C018B2247E8AF5003A23D8 /* Resources */,
			);
			buildRules = (
			);
			dependencies = (
			);
			name = Soundboard;
			productName = Soundboard;
			productReference = 11C018B4247E8AF5003A23D8 /* Soundboard.app */;
			productType = "com.apple.product-type.application";
		};
/* End PBXNativeTarget section */

/* Begin PBXProject section */
		11C018AC247E8AF5003A23D8 /* Project object */ = {
			isa = PBXProject;
			attributes = {
				LastSwiftUpdateCheck = 1140;
				LastUpgradeCheck = 1140;
				ORGANIZATIONNAME = "Zvonimir Pavlović";
				TargetAttributes = {
					11C018B3247E8AF5003A23D8 = {
						CreatedOnToolsVersion = 11.4.1;
					};
				};
			};
			buildConfigurationList = 11C018AF247E8AF5003A23D8 /* Build configuration list for PBXProject "Soundboard" */;
			compatibilityVersion = "Xcode 9.3";
			developmentRegion = en;
			hasScannedForEncodings = 0;
			knownRegions = (
				en,
				Base,
			);
			mainGroup = 11C018AB247E8AF5003A23D8;
			productRefGroup = 11C018B5247E8AF5003A23D8 /* Products */;
			projectDirPath = "";
			projectRoot = "";
			targets = (
				11C018B3247E8AF5003A23D8 /* Soundboard */,
			);
		};
/* End PBXProject section */

/* Begin PBXResourcesBuildPhase section */
		11C018B2247E8AF5003A23D8 /* Resources */ = {
			isa = PBXResourcesBuildPhase;
			buildActionMask = 2147483647;
			files = (
				11C018C4247E8AF7003A23D8 /* LaunchScreen.storyboard in Resources */,
				11C018C1247E8AF7003A23D8 /* Assets.xcassets in Resources */,
				11C018CF247E8EF8003A23D8 /* Drake.mp3 in Resources */,
				11C018D0247E8EF8003A23D8 /* Weeknd.mp3 in Resources */,
				11C018D1247E8EF8003A23D8 /* Tyga.mp3 in Resources */,
				11C018BF247E8AF5003A23D8 /* Main.storyboard in Resources */,
			);
			runOnlyForDeploymentPostprocessing = 0;
		};
/* End PBXResourcesBuildPhase section */

/* Begin PBXSourcesBuildPhase section */
		11C018B0247E8AF5003A23D8 /* Sources */ = {
			isa = PBXSourcesBuildPhase;
			buildActionMask = 2147483647;
			files = (
				11C018BC247E8AF5003A23D8 /* ViewController.swift in Sources */,
				11C018B8247E8AF5003A23D8 /* AppDelegate.swift in Sources */,
				11C018BA247E8AF5003A23D8 /* SceneDelegate.swift in Sources */,
			);
			runOnlyForDeploymentPostprocessing = 0;
		};
/* End PBXSourcesBuildPhase section */

/* Begin PBXVariantGroup section */
		11C018BD247E8AF5003A23D8 /* Main.storyboard */ = {
			isa = PBXVariantGroup;
			children = (
				11C018BE247E8AF5003A23D8 /* Base */,
			);
			name = Main.storyboard;
			sourceTree = "<group>";
		};
		11C018C2247E8AF7003A23D8 /* LaunchScreen.storyboard */ = {
			isa = PBXVariantGroup;
			children = (
				11C018C3247E8AF7003A23D8 /* Base */,
			);
			name = LaunchScreen.storyboard;
			sourceTree = "<group>";
		};
/* End PBXVariantGroup section */

/* Begin XCBuildConfiguration section */
		11C018C6247E8AF7003A23D8 /* Debug */ = {
			isa = XCBuildConfiguration;
			buildSettings = {
				ALWAYS_SEARCH_USER_PATHS = NO;
				CLANG_ANALYZER_NONNULL = YES;
				CLANG_ANALYZER_NUMBER_OBJECT_CONVERSION = YES_AGGRESSIVE;
				CLANG_CXX_LANGUAGE_STANDARD = "gnu++14";
				CLANG_CXX_LIBRARY = "libc++";
				CLANG_ENABLE_MODULES = YES;
				CLANG_ENABLE_OBJC_ARC = YES;
				CLANG_ENABLE_OBJC_WEAK = YES;
				CLANG_WARN_BLOCK_CAPTURE_AUTORELEASING = YES;
				CLANG_WARN_BOOL_CONVERSION = YES;
				CLANG_WARN_COMMA = YES;
				CLANG_WARN_CONSTANT_CONVERSION = YES;
				CLANG_WARN_DEPRECATED_OBJC_IMPLEMENTATIONS = YES;
				CLANG_WARN_DIRECT_OBJC_ISA_USAGE = YES_ERROR;
				CLANG_WARN_DOCUMENTATION_COMMENTS = YES;
				CLANG_WARN_EMPTY_BODY = YES;
				CLANG_WARN_ENUM_CONVERSION = YES;
				CLANG_WARN_INFINITE_RECURSION = YES;
				CLANG_WARN_INT_CONVERSION = YES;
				CLANG_WARN_NON_LITERAL_NULL_CONVERSION = YES;
				CLANG_WARN_OBJC_IMPLICIT_RETAIN_SELF = YES;
				CLANG_WARN_OBJC_LITERAL_CONVERSION = YES;
				CLANG_WARN_OBJC_ROOT_CLASS = YES_ERROR;
				CLANG_WARN_RANGE_LOOP_ANALYSIS = YES;
				CLANG_WARN_STRICT_PROTOTYPES = YES;
				CLANG_WARN_SUSPICIOUS_MOVE = YES;
				CLANG_WARN_UNGUARDED_AVAILABILITY = YES_AGGRESSIVE;
				CLANG_WARN_UNREACHABLE_CODE = YES;
				CLANG_WARN__DUPLICATE_METHOD_MATCH = YES;
				COPY_PHASE_STRIP = NO;
				DEBUG_INFORMATION_FORMAT = dwarf;
				ENABLE_STRICT_OBJC_MSGSEND = YES;
				ENABLE_TESTABILITY = YES;
				GCC_C_LANGUAGE_STANDARD = gnu11;
				GCC_DYNAMIC_NO_PIC = NO;
				GCC_NO_COMMON_BLOCKS = YES;
				GCC_OPTIMIZATION_LEVEL = 0;
				GCC_PREPROCESSOR_DEFINITIONS = (
					"DEBUG=1",
					"$(inherited)",
				);
				GCC_WARN_64_TO_32_BIT_CONVERSION = YES;
				GCC_WARN_ABOUT_RETURN_TYPE = YES_ERROR;
				GCC_WARN_UNDECLARED_SELECTOR = YES;
				GCC_WARN_UNINITIALIZED_AUTOS = YES_AGGRESSIVE;
				GCC_WARN_UNUSED_FUNCTION = YES;
				GCC_WARN_UNUSED_VARIABLE = YES;
				IPHONEOS_DEPLOYMENT_TARGET = 13.4;
				MTL_ENABLE_DEBUG_INFO = INCLUDE_SOURCE;
				MTL_FAST_MATH = YES;
				ONLY_ACTIVE_ARCH = YES;
				SDKROOT = iphoneos;
				SWIFT_ACTIVE_COMPILATION_CONDITIONS = DEBUG;
				SWIFT_OPTIMIZATION_LEVEL = "-Onone";
			};
			name = Debug;
		};
		11C018C7247E8AF7003A23D8 /* Release */ = {
			isa = XCBuildConfiguration;
			buildSettings = {
				ALWAYS_SEARCH_USER_PATHS = NO;
				CLANG_ANALYZER_NONNULL = YES;
				CLANG_ANALYZER_NUMBER_OBJECT_CONVERSION = YES_AGGRESSIVE;
				CLANG_CXX_LANGUAGE_STANDARD = "gnu++14";
				CLANG_CXX_LIBRARY = "libc++";
				CLANG_ENABLE_MODULES = YES;
				CLANG_ENABLE_OBJC_ARC = YES;
				CLANG_ENABLE_OBJC_WEAK = YES;
				CLANG_WARN_BLOCK_CAPTURE_AUTORELEASING = YES;
				CLANG_WARN_BOOL_CONVERSION = YES;
				CLANG_WARN_COMMA = YES;
				CLANG_WARN_CONSTANT_CONVERSION = YES;
				CLANG_WARN_DEPRECATED_OBJC_IMPLEMENTATIONS = YES;
				CLANG_WARN_DIRECT_OBJC_ISA_USAGE = YES_ERROR;
				CLANG_WARN_DOCUMENTATION_COMMENTS = YES;
				CLANG_WARN_EMPTY_BODY = YES;
				CLANG_WARN_ENUM_CONVERSION = YES;
				CLANG_WARN_INFINITE_RECURSION = YES;
				CLANG_WARN_INT_CONVERSION = YES;
				CLANG_WARN_NON_LITERAL_NULL_CONVERSION = YES;
				CLANG_WARN_OBJC_IMPLICIT_RETAIN_SELF = YES;
				CLANG_WARN_OBJC_LITERAL_CONVERSION = YES;
				CLANG_WARN_OBJC_ROOT_CLASS = YES_ERROR;
				CLANG_WARN_RANGE_LOOP_ANALYSIS = YES;
				CLANG_WARN_STRICT_PROTOTYPES = YES;
				CLANG_WARN_SUSPICIOUS_MOVE = YES;
				CLANG_WARN_UNGUARDED_AVAILABILITY = YES_AGGRESSIVE;
				CLANG_WARN_UNREACHABLE_CODE = YES;
				CLANG_WARN__DUPLICATE_METHOD_MATCH = YES;
				COPY_PHASE_STRIP = NO;
				DEBUG_INFORMATION_FORMAT = "dwarf-with-dsym";
				ENABLE_NS_ASSERTIONS = NO;
				ENABLE_STRICT_OBJC_MSGSEND = YES;
				GCC_C_LANGUAGE_STANDARD = gnu11;
				GCC_NO_COMMON_BLOCKS = YES;
				GCC_WARN_64_TO_32_BIT_CONVERSION = YES;
				GCC_WARN_ABOUT_RETURN_TYPE = YES_ERROR;
				GCC_WARN_UNDECLARED_SELECTOR = YES;
				GCC_WARN_UNINITIALIZED_AUTOS = YES_AGGRESSIVE;
				GCC_WARN_UNUSED_FUNCTION = YES;
				GCC_WARN_UNUSED_VARIABLE = YES;
				IPHONEOS_DEPLOYMENT_TARGET = 13.4;
				MTL_ENABLE_DEBUG_INFO = NO;
				MTL_FAST_MATH = YES;
				SDKROOT = iphoneos;
				SWIFT_COMPILATION_MODE = wholemodule;
				SWIFT_OPTIMIZATION_LEVEL = "-O";
				VALIDATE_PRODUCT = YES;
			};
			name = Release;
		};
		11C018C9247E8AF7003A23D8 /* Debug */ = {
			isa = XCBuildConfiguration;
			buildSettings = {
				ASSETCATALOG_COMPILER_APPICON_NAME = AppIcon;
				CODE_SIGN_STYLE = Automatic;
				INFOPLIST_FILE = Soundboard/Info.plist;
				LD_RUNPATH_SEARCH_PATHS = (
					"$(inherited)",
					"@executable_path/Frameworks",
				);
				PRODUCT_BUNDLE_IDENTIFIER = hr.zvonimirpavlovic.Soundboard;
				PRODUCT_NAME = "$(TARGET_NAME)";
				SWIFT_VERSION = 5.0;
				TARGETED_DEVICE_FAMILY = "1,2";
			};
			name = Debug;
		};
		11C018CA247E8AF7003A23D8 /* Release */ = {
			isa = XCBuildConfiguration;
			buildSettings = {
				ASSETCATALOG_COMPILER_APPICON_NAME = AppIcon;
				CODE_SIGN_STYLE = Automatic;
				INFOPLIST_FILE = Soundboard/Info.plist;
				LD_RUNPATH_SEARCH_PATHS = (
					"$(inherited)",
					"@executable_path/Frameworks",
				);
				PRODUCT_BUNDLE_IDENTIFIER = hr.zvonimirpavlovic.Soundboard;
				PRODUCT_NAME = "$(TARGET_NAME)";
				SWIFT_VERSION = 5.0;
				TARGETED_DEVICE_FAMILY = "1,2";
			};
			name = Release;
		};
/* End XCBuildConfiguration section */

/* Begin XCConfigurationList section */
		11C018AF247E8AF5003A23D8 /* Build configuration list for PBXProject "Soundboard" */ = {
			isa = XCConfigurationList;
			buildConfigurations = (
				11C018C6247E8AF7003A23D8 /* Debug */,
				11C018C7247E8AF7003A23D8 /* Release */,
			);
			defaultConfigurationIsVisible = 0;
			defaultConfigurationName = Release;
		};
		11C018C8247E8AF7003A23D8 /* Build configuration list for PBXNativeTarget "Soundboard" */ = {
			isa = XCConfigurationList;
			buildConfigurations = (
				11C018C9247E8AF7003A23D8 /* Debug */,
				11C018CA247E8AF7003A23D8 /* Release */,
			);
			defaultConfigurationIsVisible = 0;
			defaultConfigurationName = Release;
		};
/* End XCConfigurationList section */
	};
	rootObject = 11C018AC247E8AF5003A23D8 /* Project object */;
}
